
Microsoft Visual Studio Solution File, Format Version 12.00
# Visual Studio 14
VisualStudioVersion = 14.0.25420.1
MinimumVisualStudioVersion = 10.0.40219.1
Project("{FAE04EC0-301F-11D3-BF4B-00C04F79EFBC}") = "Classwork 09 jan 18", "Classwork 09 jan 18\Classwork 09 jan 18.csproj", "{35E3F091-A358-4B8C-846E-16B0D73D8261}"
EndProject
Project("{FAE04EC0-301F-11D3-BF4B-00C04F79EFBC}") = "Likes", "Likes\Likes.csproj", "{3C43FFC1-328C-427D-B9F0-F51610C1E67A}"
EndProject
Project("{FAE04EC0-301F-11D3-BF4B-00C04F79EFBC}") = "Exceptions", "Exceptions\Exceptions.csproj", "{B1FC8430-55DC-4BC6-BDD1-C6E34F02682C}"
EndProject
Project("{FAE04EC0-301F-11D3-BF4B-00C04F79EFBC}") = "ErrorCatch Classwork", "ErrorCatch Classwork\ErrorCatch Classwork.csproj", "{C3BDDACA-0C41-4B49-9276-80E2EE5162C5}"
EndProject
Project("{FAE04EC0-301F-11D3-BF4B-00C04F79EFBC}") = "Multithreading", "Multithreading\Multithreading.csproj", "{83869402-7A77-4E05-8B2A-43C08868F496}"
EndProject
Global
	GlobalSection(SolutionConfigurationPlatforms) = preSolution
		Debug|Any CPU = Debug|Any CPU
		Release|Any CPU = Release|Any CPU
	EndGlobalSection
	GlobalSection(ProjectConfigurationPlatforms) = postSolution
		{35E3F091-A358-4B8C-846E-16B0D73D8261}.Debug|Any CPU.ActiveCfg = Debug|Any CPU
		{35E3F091-A358-4B8C-846E-16B0D73D8261}.Debug|Any CPU.Build.0 = Debug|Any CPU
		{35E3F091-A358-4B8C-846E-16B0D73D8261}.Release|Any CPU.ActiveCfg = Release|Any CPU
		{35E3F091-A358-4B8C-846E-16B0D73D8261}.Release|Any CPU.Build.0 = Release|Any CPU
		{3C43FFC1-328C-427D-B9F0-F51610C1E67A}.Debug|Any CPU.ActiveCfg = Debug|Any CPU
		{3C43FFC1-328C-427D-B9F0-F51610C1E67A}.Debug|Any CPU.Build.0 = Debug|Any CPU
		{3C43FFC1-328C-427D-B9F0-F51610C1E67A}.Release|Any CPU.ActiveCfg = Release|Any CPU
		{3C43FFC1-328C-427D-B9F0-F51610C1E67A}.Release|Any CPU.Build.0 = Release|Any CPU
		{B1FC8430-55DC-4BC6-BDD1-C6E34F02682C}.Debug|Any CPU.ActiveCfg = Debug|Any CPU
		{B1FC8430-55DC-4BC6-BDD1-C6E34F02682C}.Debug|Any CPU.Build.0 = Debug|Any CPU
		{B1FC8430-55DC-4BC6-BDD1-C6E34F02682C}.Release|Any CPU.ActiveCfg = Release|Any CPU
		{B1FC8430-55DC-4BC6-BDD1-C6E34F02682C}.Release|Any CPU.Build.0 = Release|Any CPU
		{C3BDDACA-0C41-4B49-9276-80E2EE5162C5}.Debug|Any CPU.ActiveCfg = Debug|Any CPU
		{C3BDDACA-0C41-4B49-9276-80E2EE5162C5}.Debug|Any CPU.Build.0 = Debug|Any CPU
		{C3BDDACA-0C41-4B49-9276-80E2EE5162C5}.Release|Any CPU.ActiveCfg = Release|Any CPU
		{C3BDDACA-0C41-4B49-9276-80E2EE5162C5}.Release|Any CPU.Build.0 = Release|Any CPU
		{83869402-7A77-4E05-8B2A-43C08868F496}.Debug|Any CPU.ActiveCfg = Debug|Any CPU
		{83869402-7A77-4E05-8B2A-43C08868F496}.Debug|Any CPU.Build.0 = Debug|Any CPU
		{83869402-7A77-4E05-8B2A-43C08868F496}.Release|Any CPU.ActiveCfg = Release|Any CPU
		{83869402-7A77-4E05-8B2A-43C08868F496}.Release|Any CPU.Build.0 = Release|Any CPU
	EndGlobalSection
	GlobalSection(SolutionProperties) = preSolution
		HideSolutionNode = FALSE
	EndGlobalSection
EndGlobal
